
Microsoft Visual Studio Solution File, Format Version 12.00
# Visual Studio 15
VisualStudioVersion = 15.0.28307.271
MinimumVisualStudioVersion = 10.0.40219.1
Project("{FAE04EC0-301F-11D3-BF4B-00C04F79EFBC}") = "SistemaVendas", "SistemaVendas\SistemaVendas.csproj", "{8F3A6142-93F4-4EFB-80E2-F2FF8C7E2820}"
EndProject
Global
	GlobalSection(SolutionConfigurationPlatforms) = preSolution
		Debug|Any CPU = Debug|Any CPU
		Release|Any CPU = Release|Any CPU
	EndGlobalSection
	GlobalSection(ProjectConfigurationPlatforms) = postSolution
		{8F3A6142-93F4-4EFB-80E2-F2FF8C7E2820}.Debug|Any CPU.ActiveCfg = Debug|Any CPU
		{8F3A6142-93F4-4EFB-80E2-F2FF8C7E2820}.Debug|Any CPU.Build.0 = Debug|Any CPU
		{8F3A6142-93F4-4EFB-80E2-F2FF8C7E2820}.Release|Any CPU.ActiveCfg = Release|Any CPU
		{8F3A6142-93F4-4EFB-80E2-F2FF8C7E2820}.Release|Any CPU.Build.0 = Release|Any CPU
	EndGlobalSection
	GlobalSection(SolutionProperties) = preSolution
		HideSolutionNode = FALSE
	EndGlobalSection
	GlobalSection(ExtensibilityGlobals) = postSolution
		SolutionGuid = {E05BB447-945F-4226-A12D-E973F71F2DE0}
	EndGlobalSection
EndGlobal
